
Microsoft Visual Studio Solution File, Format Version 12.00
# Visual Studio 15
VisualStudioVersion = 15.0.34112.143
MinimumVisualStudioVersion = 10.0.40219.1
Project("{FAE04EC0-301F-11D3-BF4B-00C04F79EFBC}") = "kapoy", "kapoy\kapoy.csproj", "{7653D60A-4489-4BC2-944A-BAF63A502596}"
EndProject
Global
	GlobalSection(SolutionConfigurationPlatforms) = preSolution
		Debug|Any CPU = Debug|Any CPU
		Release|Any CPU = Release|Any CPU
	EndGlobalSection
	GlobalSection(ProjectConfigurationPlatforms) = postSolution
		{7653D60A-4489-4BC2-944A-BAF63A502596}.Debug|Any CPU.ActiveCfg = Debug|Any CPU
		{7653D60A-4489-4BC2-944A-BAF63A502596}.Debug|Any CPU.Build.0 = Debug|Any CPU
		{7653D60A-4489-4BC2-944A-BAF63A502596}.Release|Any CPU.ActiveCfg = Release|Any CPU
		{7653D60A-4489-4BC2-944A-BAF63A502596}.Release|Any CPU.Build.0 = Release|Any CPU
	EndGlobalSection
	GlobalSection(SolutionProperties) = preSolution
		HideSolutionNode = FALSE
	EndGlobalSection
	GlobalSection(ExtensibilityGlobals) = postSolution
		SolutionGuid = {88AE8F90-534F-46FB-85C5-3F0C5A1ED567}
	EndGlobalSection
EndGlobal
